# @generated by Move, please check-in and do not edit manually.

[move]
version = 3
manifest_digest = "A4964514453D233A2A1AE353CE5A300BD22A841EBCDBF6FC6E8BC8618AA178B5"
deps_digest = "3C4103934B1E040BB6B23F1D610B4EF9F2F1166A50A104EADCF77467C004C600"
dependencies = [
  { id = "Sui", name = "Sui" },
  { id = "enclave", name = "enclave" },
]

[[move.package]]
id = "MoveStdlib"
source = { git = "https://github.com/MystenLabs/sui.git", rev = "framework/testnet", subdir = "crates/sui-framework/packages/move-stdlib" }

[[move.package]]
id = "Sui"
source = { git = "https://github.com/MystenLabs/sui.git", rev = "framework/testnet", subdir = "crates/sui-framework/packages/sui-framework" }

dependencies = [
  { id = "MoveStdlib", name = "MoveStdlib" },
]

[[move.package]]
id = "enclave"
source = { local = "../enclave" }

dependencies = [
  { id = "Sui", name = "Sui" },
]

[move.toolchain-version]
compiler-version = "1.53.2"
edition = "2024.beta"
flavor = "sui"

[env]

[env.devnet]
chain-id = "4256f1d2"
original-published-id = "0xb66ee07ed5037f71b209a9d068a84d73520bd92837924e065f9d02b537950eab"
latest-published-id = "0xb66ee07ed5037f71b209a9d068a84d73520bd92837924e065f9d02b537950eab"
published-version = "1"
